
Microsoft Visual Studio Solution File, Format Version 12.00
# Visual Studio Version 17
VisualStudioVersion = 17.14.36121.58 d17.14
MinimumVisualStudioVersion = 10.0.40219.1
Project("{FAE04EC0-301F-11D3-BF4B-00C04F79EFBC}") = "2D_Contour_Plotter", "2D_Contour_Plotter\2D_Contour_Plotter.csproj", "{F5430D91-F845-457B-9495-34CD823F9200}"
EndProject
Global
	GlobalSection(SolutionConfigurationPlatforms) = preSolution
		Debug|Any CPU = Debug|Any CPU
		Release|Any CPU = Release|Any CPU
	EndGlobalSection
	GlobalSection(ProjectConfigurationPlatforms) = postSolution
		{F5430D91-F845-457B-9495-34CD823F9200}.Debug|Any CPU.ActiveCfg = Debug|Any CPU
		{F5430D91-F845-457B-9495-34CD823F9200}.Debug|Any CPU.Build.0 = Debug|Any CPU
		{F5430D91-F845-457B-9495-34CD823F9200}.Release|Any CPU.ActiveCfg = Release|Any CPU
		{F5430D91-F845-457B-9495-34CD823F9200}.Release|Any CPU.Build.0 = Release|Any CPU
	EndGlobalSection
	GlobalSection(SolutionProperties) = preSolution
		HideSolutionNode = FALSE
	EndGlobalSection
	GlobalSection(ExtensibilityGlobals) = postSolution
		SolutionGuid = {3DAE32E7-07B5-44C4-A6F7-FCE5CEFAA9F5}
	EndGlobalSection
EndGlobal
