
Microsoft Visual Studio Solution File, Format Version 12.00
# Visual Studio Version 17
VisualStudioVersion = 17.14.37111.16 d17.14
MinimumVisualStudioVersion = 10.0.40219.1
Project("{8BC9CEB8-8B4A-11D0-8D11-00A0C91BC942}") = "contourplotter_opengl", "contourplotter_opengl\contourplotter_opengl.vcxproj", "{8F7901F0-75A9-4E7F-B1EC-4A7EF5910A82}"
EndProject
Global
	GlobalSection(SolutionConfigurationPlatforms) = preSolution
		Debug|x64 = Debug|x64
		Debug|x86 = Debug|x86
		Release|x64 = Release|x64
		Release|x86 = Release|x86
	EndGlobalSection
	GlobalSection(ProjectConfigurationPlatforms) = postSolution
		{8F7901F0-75A9-4E7F-B1EC-4A7EF5910A82}.Debug|x64.ActiveCfg = Debug|x64
		{8F7901F0-75A9-4E7F-B1EC-4A7EF5910A82}.Debug|x64.Build.0 = Debug|x64
		{8F7901F0-75A9-4E7F-B1EC-4A7EF5910A82}.Debug|x86.ActiveCfg = Debug|Win32
		{8F7901F0-75A9-4E7F-B1EC-4A7EF5910A82}.Debug|x86.Build.0 = Debug|Win32
		{8F7901F0-75A9-4E7F-B1EC-4A7EF5910A82}.Release|x64.ActiveCfg = Release|x64
		{8F7901F0-75A9-4E7F-B1EC-4A7EF5910A82}.Release|x64.Build.0 = Release|x64
		{8F7901F0-75A9-4E7F-B1EC-4A7EF5910A82}.Release|x86.ActiveCfg = Release|Win32
		{8F7901F0-75A9-4E7F-B1EC-4A7EF5910A82}.Release|x86.Build.0 = Release|Win32
	EndGlobalSection
	GlobalSection(SolutionProperties) = preSolution
		HideSolutionNode = FALSE
	EndGlobalSection
	GlobalSection(ExtensibilityGlobals) = postSolution
		SolutionGuid = {35C31EE6-A3F7-49C9-9BA5-84C338E18079}
	EndGlobalSection
EndGlobal
